// !$*UTF8*$!
{
	archiveVersion = 1;
	classes = {
	};
	objectVersion = 50;
	objects = {

/* Begin PBXBuildFile section */
		21192B01226631DD00CE146B /* lens.jpg in Resources */ = {isa = PBXBuildFile; fileRef = 21192B00226631DD00CE146B /* lens.jpg */; };
		2126AC652262D8EC005E8534 /* AppDelegate.swift in Sources */ = {isa = PBXBuildFile; fileRef = 2126AC642262D8EC005E8534 /* AppDelegate.swift */; };
		2126AC672262D8EC005E8534 /* ViewController.swift in Sources */ = {isa = PBXBuildFile; fileRef = 2126AC662262D8EC005E8534 /* ViewController.swift */; };
		2126AC6A2262D8EC005E8534 /* Main.storyboard in Resources */ = {isa = PBXBuildFile; fileRef = 2126AC682262D8EC005E8534 /* Main.storyboard */; };
		2126AC6C2262D8EE005E8534 /* Assets.xcassets in Resources */ = {isa = PBXBuildFile; fileRef = 2126AC6B2262D8EE005E8534 /* Assets.xcassets */; };
		2126AC6F2262D8EE005E8534 /* LaunchScreen.storyboard in Resources */ = {isa = PBXBuildFile; fileRef = 2126AC6D2262D8EE005E8534 /* LaunchScreen.storyboard */; };
		2126AC7722630A39005E8534 /* opencv2.framework in Frameworks */ = {isa = PBXBuildFile; fileRef = 2126AC7622630A39005E8534 /* opencv2.framework */; };
		2126AC7B22630B0F005E8534 /* OpenCVWrapper.mm in Sources */ = {isa = PBXBuildFile; fileRef = 2126AC7A22630B0F005E8534 /* OpenCVWrapper.mm */; };
		2126AC7E22631233005E8534 /* Accelerate.framework in Frameworks */ = {isa = PBXBuildFile; fileRef = 2126AC7D22631233005E8534 /* Accelerate.framework */; };
		2126AC8022631266005E8534 /* AVFoundation.framework in Frameworks */ = {isa = PBXBuildFile; fileRef = 2126AC7F22631266005E8534 /* AVFoundation.framework */; };
		2126AC8222631271005E8534 /* CoreGraphics.framework in Frameworks */ = {isa = PBXBuildFile; fileRef = 2126AC8122631271005E8534 /* CoreGraphics.framework */; };
		2126AC8422631284005E8534 /* CoreMedia.framework in Frameworks */ = {isa = PBXBuildFile; fileRef = 2126AC8322631284005E8534 /* CoreMedia.framework */; };
		2126AC862263128C005E8534 /* CoreVideo.framework in Frameworks */ = {isa = PBXBuildFile; fileRef = 2126AC852263128C005E8534 /* CoreVideo.framework */; };
		2126AC882263129C005E8534 /* ImageIO.framework in Frameworks */ = {isa = PBXBuildFile; fileRef = 2126AC872263129C005E8534 /* ImageIO.framework */; };
		2126AC8A226312AA005E8534 /* QuartzCore.framework in Frameworks */ = {isa = PBXBuildFile; fileRef = 2126AC89226312AA005E8534 /* QuartzCore.framework */; };
		2126AC8C226312B6005E8534 /* OpenGLES.framework in Frameworks */ = {isa = PBXBuildFile; fileRef = 2126AC8B226312B6005E8534 /* OpenGLES.framework */; };
		2126AC8E226312BE005E8534 /* MobileCoreServices.framework in Frameworks */ = {isa = PBXBuildFile; fileRef = 2126AC8D226312BE005E8534 /* MobileCoreServices.framework */; };
		2126AC90226312CC005E8534 /* UIKit.framework in Frameworks */ = {isa = PBXBuildFile; fileRef = 2126AC8F226312CC005E8534 /* UIKit.framework */; };
		2126AC92226312E3005E8534 /* libz.tbd in Frameworks */ = {isa = PBXBuildFile; fileRef = 2126AC91226312E3005E8534 /* libz.tbd */; };
		2126AC9C2263147A005E8534 /* Facial Features Tracker - High.cfg in Resources */ = {isa = PBXBuildFile; fileRef = 2126AC9A2263147A005E8534 /* Facial Features Tracker - High.cfg */; };
		2126AC9D2263147A005E8534 /* Facial Features Tracker - Low.cfg in Resources */ = {isa = PBXBuildFile; fileRef = 2126AC9B2263147A005E8534 /* Facial Features Tracker - Low.cfg */; };
		2126AC9F22631490005E8534 /* candide3.fdp in Resources */ = {isa = PBXBuildFile; fileRef = 2126AC9E22631490005E8534 /* candide3.fdp */; };
		2126ACA1226314B6005E8534 /* candide3.wfm in Resources */ = {isa = PBXBuildFile; fileRef = 2126ACA0226314B6005E8534 /* candide3.wfm */; };
		2126ACA4226314C0005E8534 /* jk_300.wfm in Resources */ = {isa = PBXBuildFile; fileRef = 2126ACA2226314C0005E8534 /* jk_300.wfm */; };
		2126ACA5226314C0005E8534 /* jk_300.fdp in Resources */ = {isa = PBXBuildFile; fileRef = 2126ACA3226314C0005E8534 /* jk_300.fdp */; };
		2126ACA7226314D7005E8534 /* bdtsdata in Resources */ = {isa = PBXBuildFile; fileRef = 2126ACA6226314D7005E8534 /* bdtsdata */; };
		2126ACA9226314F8005E8534 /* 452-200-213-720-601-632-039-228-064-839-022.vlc in Resources */ = {isa = PBXBuildFile; fileRef = 2126ACA8226314F8005E8534 /* 452-200-213-720-601-632-039-228-064-839-022.vlc */; };
		2126ACB22263184E005E8534 /* Tracker.mm in Sources */ = {isa = PBXBuildFile; fileRef = 2126ACB12263184E005E8534 /* Tracker.mm */; };
		2152A78522638D2600B8A81D /* libVisageVision.a in Frameworks */ = {isa = PBXBuildFile; fileRef = 2126AC9722631339005E8534 /* libVisageVision.a */; };
		2152A78722638D4A00B8A81D /* visageSDK-iOS in Resources */ = {isa = PBXBuildFile; fileRef = 2152A78622638D4A00B8A81D /* visageSDK-iOS */; };
		216979B5227F3FC200B020D0 /* TrackerWrapper.mm in Sources */ = {isa = PBXBuildFile; fileRef = 216979B3227F3FC100B020D0 /* TrackerWrapper.mm */; };
		216979B9227F40F900B020D0 /* CameraGrabber.mm in Sources */ = {isa = PBXBuildFile; fileRef = 216979B8227F40F900B020D0 /* CameraGrabber.mm */; };
/* End PBXBuildFile section */

/* Begin PBXFileReference section */
		21192B00226631DD00CE146B /* lens.jpg */ = {isa = PBXFileReference; lastKnownFileType = image.jpeg; path = lens.jpg; sourceTree = "<group>"; };
		2126AC612262D8EC005E8534 /* CameraProcessing.app */ = {isa = PBXFileReference; explicitFileType = wrapper.application; includeInIndex = 0; path = CameraProcessing.app; sourceTree = BUILT_PRODUCTS_DIR; };
		2126AC642262D8EC005E8534 /* AppDelegate.swift */ = {isa = PBXFileReference; lastKnownFileType = sourcecode.swift; path = AppDelegate.swift; sourceTree = "<group>"; };
		2126AC662262D8EC005E8534 /* ViewController.swift */ = {isa = PBXFileReference; lastKnownFileType = sourcecode.swift; path = ViewController.swift; sourceTree = "<group>"; };
		2126AC692262D8EC005E8534 /* Base */ = {isa = PBXFileReference; lastKnownFileType = file.storyboard; name = Base; path = Base.lproj/Main.storyboard; sourceTree = "<group>"; };
		2126AC6B2262D8EE005E8534 /* Assets.xcassets */ = {isa = PBXFileReference; lastKnownFileType = folder.assetcatalog; path = Assets.xcassets; sourceTree = "<group>"; };
		2126AC6E2262D8EE005E8534 /* Base */ = {isa = PBXFileReference; lastKnownFileType = file.storyboard; name = Base; path = Base.lproj/LaunchScreen.storyboard; sourceTree = "<group>"; };
		2126AC702262D8EE005E8534 /* Info.plist */ = {isa = PBXFileReference; lastKnownFileType = text.plist.xml; path = Info.plist; sourceTree = "<group>"; };
		2126AC7622630A39005E8534 /* opencv2.framework */ = {isa = PBXFileReference; lastKnownFileType = wrapper.framework; path = opencv2.framework; sourceTree = "<group>"; };
		2126AC7822630B0F005E8534 /* CameraProcessing-Bridging-Header.h */ = {isa = PBXFileReference; lastKnownFileType = sourcecode.c.h; path = "CameraProcessing-Bridging-Header.h"; sourceTree = "<group>"; };
		2126AC7922630B0F005E8534 /* OpenCVWrapper.h */ = {isa = PBXFileReference; lastKnownFileType = sourcecode.c.h; path = OpenCVWrapper.h; sourceTree = "<group>"; };
		2126AC7A22630B0F005E8534 /* OpenCVWrapper.mm */ = {isa = PBXFileReference; lastKnownFileType = sourcecode.cpp.objcpp; path = OpenCVWrapper.mm; sourceTree = "<group>"; };
		2126AC7D22631233005E8534 /* Accelerate.framework */ = {isa = PBXFileReference; lastKnownFileType = wrapper.framework; name = Accelerate.framework; path = System/Library/Frameworks/Accelerate.framework; sourceTree = SDKROOT; };
		2126AC7F22631266005E8534 /* AVFoundation.framework */ = {isa = PBXFileReference; lastKnownFileType = wrapper.framework; name = AVFoundation.framework; path = System/Library/Frameworks/AVFoundation.framework; sourceTree = SDKROOT; };
		2126AC8122631271005E8534 /* CoreGraphics.framework */ = {isa = PBXFileReference; lastKnownFileType = wrapper.framework; name = CoreGraphics.framework; path = System/Library/Frameworks/CoreGraphics.framework; sourceTree = SDKROOT; };
		2126AC8322631284005E8534 /* CoreMedia.framework */ = {isa = PBXFileReference; lastKnownFileType = wrapper.framework; name = CoreMedia.framework; path = System/Library/Frameworks/CoreMedia.framework; sourceTree = SDKROOT; };
		2126AC852263128C005E8534 /* CoreVideo.framework */ = {isa = PBXFileReference; lastKnownFileType = wrapper.framework; name = CoreVideo.framework; path = System/Library/Frameworks/CoreVideo.framework; sourceTree = SDKROOT; };
		2126AC872263129C005E8534 /* ImageIO.framework */ = {isa = PBXFileReference; lastKnownFileType = wrapper.framework; name = ImageIO.framework; path = System/Library/Frameworks/ImageIO.framework; sourceTree = SDKROOT; };
		2126AC89226312AA005E8534 /* QuartzCore.framework */ = {isa = PBXFileReference; lastKnownFileType = wrapper.framework; name = QuartzCore.framework; path = System/Library/Frameworks/QuartzCore.framework; sourceTree = SDKROOT; };
		2126AC8B226312B6005E8534 /* OpenGLES.framework */ = {isa = PBXFileReference; lastKnownFileType = wrapper.framework; name = OpenGLES.framework; path = System/Library/Frameworks/OpenGLES.framework; sourceTree = SDKROOT; };
		2126AC8D226312BE005E8534 /* MobileCoreServices.framework */ = {isa = PBXFileReference; lastKnownFileType = wrapper.framework; name = MobileCoreServices.framework; path = System/Library/Frameworks/MobileCoreServices.framework; sourceTree = SDKROOT; };
		2126AC8F226312CC005E8534 /* UIKit.framework */ = {isa = PBXFileReference; lastKnownFileType = wrapper.framework; name = UIKit.framework; path = System/Library/Frameworks/UIKit.framework; sourceTree = SDKROOT; };
		2126AC91226312E3005E8534 /* libz.tbd */ = {isa = PBXFileReference; lastKnownFileType = "sourcecode.text-based-dylib-definition"; name = libz.tbd; path = usr/lib/libz.tbd; sourceTree = SDKROOT; };
		2126AC9322631325005E8534 /* libVisageGaze.a */ = {isa = PBXFileReference; lastKnownFileType = archive.ar; name = libVisageGaze.a; path = "../../Downloads/visageSDK-iOS/lib/libVisageGaze.a"; sourceTree = "<group>"; };
		2126AC9422631325005E8534 /* libVisageAnalyser.a */ = {isa = PBXFileReference; lastKnownFileType = archive.ar; name = libVisageAnalyser.a; path = "../../Downloads/visageSDK-iOS/lib/libVisageAnalyser.a"; sourceTree = "<group>"; };
		2126AC9722631339005E8534 /* libVisageVision.a */ = {isa = PBXFileReference; lastKnownFileType = archive.ar; name = libVisageVision.a; path = "../../Downloads/visageSDK-iOS/lib/libVisageVision.a"; sourceTree = "<group>"; };
		2126AC9A2263147A005E8534 /* Facial Features Tracker - High.cfg */ = {isa = PBXFileReference; fileEncoding = 4; lastKnownFileType = text; path = "Facial Features Tracker - High.cfg"; sourceTree = "<group>"; };
		2126AC9B2263147A005E8534 /* Facial Features Tracker - Low.cfg */ = {isa = PBXFileReference; fileEncoding = 4; lastKnownFileType = text; path = "Facial Features Tracker - Low.cfg"; sourceTree = "<group>"; };
		2126AC9E22631490005E8534 /* candide3.fdp */ = {isa = PBXFileReference; fileEncoding = 4; lastKnownFileType = text; path = candide3.fdp; sourceTree = "<group>"; };
		2126ACA0226314B6005E8534 /* candide3.wfm */ = {isa = PBXFileReference; fileEncoding = 4; lastKnownFileType = text; path = candide3.wfm; sourceTree = "<group>"; };
		2126ACA2226314C0005E8534 /* jk_300.wfm */ = {isa = PBXFileReference; fileEncoding = 4; lastKnownFileType = text; path = jk_300.wfm; sourceTree = "<group>"; };
		2126ACA3226314C0005E8534 /* jk_300.fdp */ = {isa = PBXFileReference; fileEncoding = 4; lastKnownFileType = text; path = jk_300.fdp; sourceTree = "<group>"; };
		2126ACA6226314D7005E8534 /* bdtsdata */ = {isa = PBXFileReference; lastKnownFileType = folder; path = bdtsdata; sourceTree = "<group>"; };
		2126ACA8226314F8005E8534 /* 452-200-213-720-601-632-039-228-064-839-022.vlc */ = {isa = PBXFileReference; fileEncoding = 4; lastKnownFileType = text; path = "452-200-213-720-601-632-039-228-064-839-022.vlc"; sourceTree = "<group>"; };
		2126ACB02263183B005E8534 /* Tracker.h */ = {isa = PBXFileReference; explicitFileType = sourcecode.cpp.h; path = Tracker.h; sourceTree = "<group>"; };
		2126ACB12263184E005E8534 /* Tracker.mm */ = {isa = PBXFileReference; lastKnownFileType = sourcecode.cpp.objcpp; path = Tracker.mm; sourceTree = "<group>"; };
		2152A78622638D4A00B8A81D /* visageSDK-iOS */ = {isa = PBXFileReference; lastKnownFileType = folder; path = "visageSDK-iOS"; sourceTree = "<group>"; };
		216979B3227F3FC100B020D0 /* TrackerWrapper.mm */ = {isa = PBXFileReference; fileEncoding = 4; lastKnownFileType = sourcecode.cpp.objcpp; path = TrackerWrapper.mm; sourceTree = "<group>"; };
		216979B4227F3FC200B020D0 /* TrackerWrapper.h */ = {isa = PBXFileReference; fileEncoding = 4; lastKnownFileType = sourcecode.c.h; path = TrackerWrapper.h; sourceTree = "<group>"; };
		216979B7227F40F900B020D0 /* CameraGrabber.h */ = {isa = PBXFileReference; lastKnownFileType = sourcecode.c.h; path = CameraGrabber.h; sourceTree = "<group>"; };
		216979B8227F40F900B020D0 /* CameraGrabber.mm */ = {isa = PBXFileReference; lastKnownFileType = sourcecode.cpp.objcpp; path = CameraGrabber.mm; sourceTree = "<group>"; };
/* End PBXFileReference section */

/* Begin PBXFrameworksBuildPhase section */
		2126AC5E2262D8EC005E8534 /* Frameworks */ = {
			isa = PBXFrameworksBuildPhase;
			buildActionMask = 2147483647;
			files = (
				2152A78522638D2600B8A81D /* libVisageVision.a in Frameworks */,
				2126AC92226312E3005E8534 /* libz.tbd in Frameworks */,
				2126AC90226312CC005E8534 /* UIKit.framework in Frameworks */,
				2126AC8E226312BE005E8534 /* MobileCoreServices.framework in Frameworks */,
				2126AC8C226312B6005E8534 /* OpenGLES.framework in Frameworks */,
				2126AC8A226312AA005E8534 /* QuartzCore.framework in Frameworks */,
				2126AC882263129C005E8534 /* ImageIO.framework in Frameworks */,
				2126AC862263128C005E8534 /* CoreVideo.framework in Frameworks */,
				2126AC8422631284005E8534 /* CoreMedia.framework in Frameworks */,
				2126AC8222631271005E8534 /* CoreGraphics.framework in Frameworks */,
				2126AC8022631266005E8534 /* AVFoundation.framework in Frameworks */,
				2126AC7E22631233005E8534 /* Accelerate.framework in Frameworks */,
				2126AC7722630A39005E8534 /* opencv2.framework in Frameworks */,
			);
			runOnlyForDeploymentPostprocessing = 0;
		};
/* End PBXFrameworksBuildPhase section */

/* Begin PBXGroup section */
		2126AC582262D8EC005E8534 = {
			isa = PBXGroup;
			children = (
				216979B6227F40A100B020D0 /* Grabber */,
				216979B4227F3FC200B020D0 /* TrackerWrapper.h */,
				216979B3227F3FC100B020D0 /* TrackerWrapper.mm */,
				2126ACB12263184E005E8534 /* Tracker.mm */,
				2126ACB02263183B005E8534 /* Tracker.h */,
				2126AC992263142A005E8534 /* Resources */,
				2126AC7922630B0F005E8534 /* OpenCVWrapper.h */,
				2126AC7A22630B0F005E8534 /* OpenCVWrapper.mm */,
				2126AC632262D8EC005E8534 /* CameraProcessing */,
				2126AC622262D8EC005E8534 /* Products */,
				2126AC7822630B0F005E8534 /* CameraProcessing-Bridging-Header.h */,
				2126AC7C22631233005E8534 /* Frameworks */,
			);
			sourceTree = "<group>";
		};
		2126AC622262D8EC005E8534 /* Products */ = {
			isa = PBXGroup;
			children = (
				2126AC612262D8EC005E8534 /* CameraProcessing.app */,
			);
			name = Products;
			sourceTree = "<group>";
		};
		2126AC632262D8EC005E8534 /* CameraProcessing */ = {
			isa = PBXGroup;
			children = (
				2152A78622638D4A00B8A81D /* visageSDK-iOS */,
				2126AC7622630A39005E8534 /* opencv2.framework */,
				2126AC642262D8EC005E8534 /* AppDelegate.swift */,
				2126AC662262D8EC005E8534 /* ViewController.swift */,
				2126AC682262D8EC005E8534 /* Main.storyboard */,
				2126AC6B2262D8EE005E8534 /* Assets.xcassets */,
				2126AC6D2262D8EE005E8534 /* LaunchScreen.storyboard */,
				2126AC702262D8EE005E8534 /* Info.plist */,
			);
			path = CameraProcessing;
			sourceTree = "<group>";
		};
		2126AC7C22631233005E8534 /* Frameworks */ = {
			isa = PBXGroup;
			children = (
				2126AC9722631339005E8534 /* libVisageVision.a */,
				2126AC9422631325005E8534 /* libVisageAnalyser.a */,
				2126AC9322631325005E8534 /* libVisageGaze.a */,
				2126AC91226312E3005E8534 /* libz.tbd */,
				2126AC8F226312CC005E8534 /* UIKit.framework */,
				2126AC8D226312BE005E8534 /* MobileCoreServices.framework */,
				2126AC8B226312B6005E8534 /* OpenGLES.framework */,
				2126AC89226312AA005E8534 /* QuartzCore.framework */,
				2126AC872263129C005E8534 /* ImageIO.framework */,
				2126AC852263128C005E8534 /* CoreVideo.framework */,
				2126AC8322631284005E8534 /* CoreMedia.framework */,
				2126AC8122631271005E8534 /* CoreGraphics.framework */,
				2126AC7F22631266005E8534 /* AVFoundation.framework */,
				2126AC7D22631233005E8534 /* Accelerate.framework */,
			);
			name = Frameworks;
			sourceTree = "<group>";
		};
		2126AC992263142A005E8534 /* Resources */ = {
			isa = PBXGroup;
			children = (
				21192B00226631DD00CE146B /* lens.jpg */,
				2126ACA8226314F8005E8534 /* 452-200-213-720-601-632-039-228-064-839-022.vlc */,
				2126AC9A2263147A005E8534 /* Facial Features Tracker - High.cfg */,
				2126ACA6226314D7005E8534 /* bdtsdata */,
				2126ACA0226314B6005E8534 /* candide3.wfm */,
				2126ACA3226314C0005E8534 /* jk_300.fdp */,
				2126ACA2226314C0005E8534 /* jk_300.wfm */,
				2126AC9E22631490005E8534 /* candide3.fdp */,
				2126AC9B2263147A005E8534 /* Facial Features Tracker - Low.cfg */,
			);
			path = Resources;
			sourceTree = "<group>";
		};
		216979B6227F40A100B020D0 /* Grabber */ = {
			isa = PBXGroup;
			children = (
				216979B7227F40F900B020D0 /* CameraGrabber.h */,
				216979B8227F40F900B020D0 /* CameraGrabber.mm */,
			);
			path = Grabber;
			sourceTree = "<group>";
		};
/* End PBXGroup section */

/* Begin PBXNativeTarget section */
		2126AC602262D8EC005E8534 /* CameraProcessing */ = {
			isa = PBXNativeTarget;
			buildConfigurationList = 2126AC732262D8EE005E8534 /* Build configuration list for PBXNativeTarget "CameraProcessing" */;
			buildPhases = (
				2126AC5D2262D8EC005E8534 /* Sources */,
				2126AC5E2262D8EC005E8534 /* Frameworks */,
				2126AC5F2262D8EC005E8534 /* Resources */,
			);
			buildRules = (
			);
			dependencies = (
			);
			name = CameraProcessing;
			productName = CameraProcessing;
			productReference = 2126AC612262D8EC005E8534 /* CameraProcessing.app */;
			productType = "com.apple.product-type.application";
		};
/* End PBXNativeTarget section */

/* Begin PBXProject section */
		2126AC592262D8EC005E8534 /* Project object */ = {
			isa = PBXProject;
			attributes = {
				LastSwiftUpdateCheck = 1010;
				LastUpgradeCheck = 1010;
				ORGANIZATIONNAME = dentallio;
				TargetAttributes = {
					2126AC602262D8EC005E8534 = {
						CreatedOnToolsVersion = 10.1;
						LastSwiftMigration = 1010;
					};
				};
			};
			buildConfigurationList = 2126AC5C2262D8EC005E8534 /* Build configuration list for PBXProject "CameraProcessing" */;
			compatibilityVersion = "Xcode 9.3";
			developmentRegion = en;
			hasScannedForEncodings = 0;
			knownRegions = (
				en,
				Base,
			);
			mainGroup = 2126AC582262D8EC005E8534;
			productRefGroup = 2126AC622262D8EC005E8534 /* Products */;
			projectDirPath = "";
			projectRoot = "";
			targets = (
				2126AC602262D8EC005E8534 /* CameraProcessing */,
			);
		};
/* End PBXProject section */

/* Begin PBXResourcesBuildPhase section */
		2126AC5F2262D8EC005E8534 /* Resources */ = {
			isa = PBXResourcesBuildPhase;
			buildActionMask = 2147483647;
			files = (
				2126ACA9226314F8005E8534 /* 452-200-213-720-601-632-039-228-064-839-022.vlc in Resources */,
				2126ACA5226314C0005E8534 /* jk_300.fdp in Resources */,
				2126AC9C2263147A005E8534 /* Facial Features Tracker - High.cfg in Resources */,
				2126ACA4226314C0005E8534 /* jk_300.wfm in Resources */,
				2126AC6F2262D8EE005E8534 /* LaunchScreen.storyboard in Resources */,
				2126ACA1226314B6005E8534 /* candide3.wfm in Resources */,
				2126AC6C2262D8EE005E8534 /* Assets.xcassets in Resources */,
				2126AC6A2262D8EC005E8534 /* Main.storyboard in Resources */,
				2126ACA7226314D7005E8534 /* bdtsdata in Resources */,
				21192B01226631DD00CE146B /* lens.jpg in Resources */,
				2126AC9D2263147A005E8534 /* Facial Features Tracker - Low.cfg in Resources */,
				2152A78722638D4A00B8A81D /* visageSDK-iOS in Resources */,
				2126AC9F22631490005E8534 /* candide3.fdp in Resources */,
			);
			runOnlyForDeploymentPostprocessing = 0;
		};
/* End PBXResourcesBuildPhase section */

/* Begin PBXSourcesBuildPhase section */
		2126AC5D2262D8EC005E8534 /* Sources */ = {
			isa = PBXSourcesBuildPhase;
			buildActionMask = 2147483647;
			files = (
				2126AC672262D8EC005E8534 /* ViewController.swift in Sources */,
				2126AC652262D8EC005E8534 /* AppDelegate.swift in Sources */,
				2126AC7B22630B0F005E8534 /* OpenCVWrapper.mm in Sources */,
				2126ACB22263184E005E8534 /* Tracker.mm in Sources */,
				216979B9227F40F900B020D0 /* CameraGrabber.mm in Sources */,
				216979B5227F3FC200B020D0 /* TrackerWrapper.mm in Sources */,
			);
			runOnlyForDeploymentPostprocessing = 0;
		};
/* End PBXSourcesBuildPhase section */

/* Begin PBXVariantGroup section */
		2126AC682262D8EC005E8534 /* Main.storyboard */ = {
			isa = PBXVariantGroup;
			children = (
				2126AC692262D8EC005E8534 /* Base */,
			);
			name = Main.storyboard;
			sourceTree = "<group>";
		};
		2126AC6D2262D8EE005E8534 /* LaunchScreen.storyboard */ = {
			isa = PBXVariantGroup;
			children = (
				2126AC6E2262D8EE005E8534 /* Base */,
			);
			name = LaunchScreen.storyboard;
			sourceTree = "<group>";
		};
/* End PBXVariantGroup section */

/* Begin XCBuildConfiguration section */
		2126AC712262D8EE005E8534 /* Debug */ = {
			isa = XCBuildConfiguration;
			buildSettings = {
				ALWAYS_SEARCH_USER_PATHS = NO;
				CLANG_ANALYZER_NONNULL = YES;
				CLANG_ANALYZER_NUMBER_OBJECT_CONVERSION = YES_AGGRESSIVE;
				CLANG_CXX_LANGUAGE_STANDARD = "gnu++14";
				CLANG_CXX_LIBRARY = "libc++";
				CLANG_ENABLE_MODULES = YES;
				CLANG_ENABLE_OBJC_ARC = YES;
				CLANG_ENABLE_OBJC_WEAK = YES;
				CLANG_WARN_BLOCK_CAPTURE_AUTORELEASING = YES;
				CLANG_WARN_BOOL_CONVERSION = YES;
				CLANG_WARN_COMMA = YES;
				CLANG_WARN_CONSTANT_CONVERSION = YES;
				CLANG_WARN_DEPRECATED_OBJC_IMPLEMENTATIONS = YES;
				CLANG_WARN_DIRECT_OBJC_ISA_USAGE = YES_ERROR;
				CLANG_WARN_DOCUMENTATION_COMMENTS = YES;
				CLANG_WARN_EMPTY_BODY = YES;
				CLANG_WARN_ENUM_CONVERSION = YES;
				CLANG_WARN_INFINITE_RECURSION = YES;
				CLANG_WARN_INT_CONVERSION = YES;
				CLANG_WARN_NON_LITERAL_NULL_CONVERSION = YES;
				CLANG_WARN_OBJC_IMPLICIT_RETAIN_SELF = YES;
				CLANG_WARN_OBJC_LITERAL_CONVERSION = YES;
				CLANG_WARN_OBJC_ROOT_CLASS = YES_ERROR;
				CLANG_WARN_RANGE_LOOP_ANALYSIS = YES;
				CLANG_WARN_STRICT_PROTOTYPES = YES;
				CLANG_WARN_SUSPICIOUS_MOVE = YES;
				CLANG_WARN_UNGUARDED_AVAILABILITY = YES_AGGRESSIVE;
				CLANG_WARN_UNREACHABLE_CODE = YES;
				CLANG_WARN__DUPLICATE_METHOD_MATCH = YES;
				CODE_SIGN_IDENTITY = "iPhone Developer";
				COPY_PHASE_STRIP = NO;
				DEBUG_INFORMATION_FORMAT = dwarf;
				ENABLE_STRICT_OBJC_MSGSEND = YES;
				ENABLE_TESTABILITY = YES;
				GCC_C_LANGUAGE_STANDARD = gnu11;
				GCC_DYNAMIC_NO_PIC = NO;
				GCC_NO_COMMON_BLOCKS = YES;
				GCC_OPTIMIZATION_LEVEL = 0;
				GCC_PREPROCESSOR_DEFINITIONS = (
					"DEBUG=1",
					"$(inherited)",
				);
				GCC_WARN_64_TO_32_BIT_CONVERSION = YES;
				GCC_WARN_ABOUT_RETURN_TYPE = YES_ERROR;
				GCC_WARN_UNDECLARED_SELECTOR = YES;
				GCC_WARN_UNINITIALIZED_AUTOS = YES_AGGRESSIVE;
				GCC_WARN_UNUSED_FUNCTION = YES;
				GCC_WARN_UNUSED_VARIABLE = YES;
				IPHONEOS_DEPLOYMENT_TARGET = 11.3;
				MTL_ENABLE_DEBUG_INFO = INCLUDE_SOURCE;
				MTL_FAST_MATH = YES;
				ONLY_ACTIVE_ARCH = YES;
				SDKROOT = iphoneos;
				SWIFT_ACTIVE_COMPILATION_CONDITIONS = DEBUG;
				SWIFT_OPTIMIZATION_LEVEL = "-Onone";
			};
			name = Debug;
		};
		2126AC722262D8EE005E8534 /* Release */ = {
			isa = XCBuildConfiguration;
			buildSettings = {
				ALWAYS_SEARCH_USER_PATHS = NO;
				CLANG_ANALYZER_NONNULL = YES;
				CLANG_ANALYZER_NUMBER_OBJECT_CONVERSION = YES_AGGRESSIVE;
				CLANG_CXX_LANGUAGE_STANDARD = "gnu++14";
				CLANG_CXX_LIBRARY = "libc++";
				CLANG_ENABLE_MODULES = YES;
				CLANG_ENABLE_OBJC_ARC = YES;
				CLANG_ENABLE_OBJC_WEAK = YES;
				CLANG_WARN_BLOCK_CAPTURE_AUTORELEASING = YES;
				CLANG_WARN_BOOL_CONVERSION = YES;
				CLANG_WARN_COMMA = YES;
				CLANG_WARN_CONSTANT_CONVERSION = YES;
				CLANG_WARN_DEPRECATED_OBJC_IMPLEMENTATIONS = YES;
				CLANG_WARN_DIRECT_OBJC_ISA_USAGE = YES_ERROR;
				CLANG_WARN_DOCUMENTATION_COMMENTS = YES;
				CLANG_WARN_EMPTY_BODY = YES;
				CLANG_WARN_ENUM_CONVERSION = YES;
				CLANG_WARN_INFINITE_RECURSION = YES;
				CLANG_WARN_INT_CONVERSION = YES;
				CLANG_WARN_NON_LITERAL_NULL_CONVERSION = YES;
				CLANG_WARN_OBJC_IMPLICIT_RETAIN_SELF = YES;
				CLANG_WARN_OBJC_LITERAL_CONVERSION = YES;
				CLANG_WARN_OBJC_ROOT_CLASS = YES_ERROR;
				CLANG_WARN_RANGE_LOOP_ANALYSIS = YES;
				CLANG_WARN_STRICT_PROTOTYPES = YES;
				CLANG_WARN_SUSPICIOUS_MOVE = YES;
				CLANG_WARN_UNGUARDED_AVAILABILITY = YES_AGGRESSIVE;
				CLANG_WARN_UNREACHABLE_CODE = YES;
				CLANG_WARN__DUPLICATE_METHOD_MATCH = YES;
				CODE_SIGN_IDENTITY = "iPhone Developer";
				COPY_PHASE_STRIP = NO;
				DEBUG_INFORMATION_FORMAT = "dwarf-with-dsym";
				ENABLE_NS_ASSERTIONS = NO;
				ENABLE_STRICT_OBJC_MSGSEND = YES;
				GCC_C_LANGUAGE_STANDARD = gnu11;
				GCC_NO_COMMON_BLOCKS = YES;
				GCC_WARN_64_TO_32_BIT_CONVERSION = YES;
				GCC_WARN_ABOUT_RETURN_TYPE = YES_ERROR;
				GCC_WARN_UNDECLARED_SELECTOR = YES;
				GCC_WARN_UNINITIALIZED_AUTOS = YES_AGGRESSIVE;
				GCC_WARN_UNUSED_FUNCTION = YES;
				GCC_WARN_UNUSED_VARIABLE = YES;
				IPHONEOS_DEPLOYMENT_TARGET = 11.3;
				MTL_ENABLE_DEBUG_INFO = NO;
				MTL_FAST_MATH = YES;
				SDKROOT = iphoneos;
				SWIFT_COMPILATION_MODE = wholemodule;
				SWIFT_OPTIMIZATION_LEVEL = "-O";
				VALIDATE_PRODUCT = YES;
			};
			name = Release;
		};
		2126AC742262D8EE005E8534 /* Debug */ = {
			isa = XCBuildConfiguration;
			buildSettings = {
				ASSETCATALOG_COMPILER_APPICON_NAME = AppIcon;
				CLANG_ENABLE_MODULES = YES;
				CODE_SIGN_STYLE = Automatic;
				DEVELOPMENT_TEAM = 59PM98299L;
				FRAMEWORK_SEARCH_PATHS = (
					"$(inherited)",
					"$(PROJECT_DIR)/CameraProcessing",
				);
				GCC_PREPROCESSOR_DEFINITIONS = (
					VISAGE_STATIC,
					IOS,
				);
				HEADER_SEARCH_PATHS = (
					"visageSDK-iOS/dependencies/OpenCV-iOS/include/opencv",
					"visageSDK-iOS/dependencies/OpenCV-iOS/include",
					"visageSDK-iOS/include/libIOS",
					"visageSDK-iOS/include",
				);
				INFOPLIST_FILE = CameraProcessing/Info.plist;
				IPHONEOS_DEPLOYMENT_TARGET = 11.3;
				LD_RUNPATH_SEARCH_PATHS = (
					"$(inherited)",
					"@executable_path/Frameworks",
				);
				LIBRARY_SEARCH_PATHS = (
					"$(inherited)",
					"$(SRCROOT)/../../Downloads/visageSDK-iOS/lib/",
				);
				OTHER_LDFLAGS = (
					"$(inherited)",
					"-IlibVisageVision",
				);
				PRODUCT_BUNDLE_IDENTIFIER = dentall.io.CameraProcessing;
				PRODUCT_NAME = "$(TARGET_NAME)";
				SWIFT_OBJC_BRIDGING_HEADER = "CameraProcessing-Bridging-Header.h";
				SWIFT_OPTIMIZATION_LEVEL = "-Onone";
				SWIFT_VERSION = 4.2;
				TARGETED_DEVICE_FAMILY = "1,2";
				WARNING_CFLAGS = "-Wno-comment";
			};
			name = Debug;
		};
		2126AC752262D8EE005E8534 /* Release */ = {
			isa = XCBuildConfiguration;
			buildSettings = {
				ASSETCATALOG_COMPILER_APPICON_NAME = AppIcon;
				CLANG_ENABLE_MODULES = YES;
				CODE_SIGN_STYLE = Automatic;
				DEVELOPMENT_TEAM = 59PM98299L;
				FRAMEWORK_SEARCH_PATHS = (
					"$(inherited)",
					"$(PROJECT_DIR)/CameraProcessing",
				);
				GCC_PREPROCESSOR_DEFINITIONS = (
					VISAGE_STATIC,
					IOS,
				);
				HEADER_SEARCH_PATHS = (
					"visageSDK-iOS/dependencies/OpenCV-iOS/include/opencv",
					"visageSDK-iOS/dependencies/OpenCV-iOS/include",
					"visageSDK-iOS/include/libIOS",
					"visageSDK-iOS/include",
				);
				INFOPLIST_FILE = CameraProcessing/Info.plist;
				IPHONEOS_DEPLOYMENT_TARGET = 11.3;
				LD_RUNPATH_SEARCH_PATHS = (
					"$(inherited)",
					"@executable_path/Frameworks",
				);
				LIBRARY_SEARCH_PATHS = (
					"$(inherited)",
					"$(SRCROOT)/../../Downloads/visageSDK-iOS/lib/",
				);
				OTHER_LDFLAGS = (
					"$(inherited)",
					"-IlibVisageVision",
				);
				PRODUCT_BUNDLE_IDENTIFIER = dentall.io.CameraProcessing;
				PRODUCT_NAME = "$(TARGET_NAME)";
				SWIFT_OBJC_BRIDGING_HEADER = "CameraProcessing-Bridging-Header.h";
				SWIFT_VERSION = 4.2;
				TARGETED_DEVICE_FAMILY = "1,2";
				WARNING_CFLAGS = "-Wno-comment";
			};
			name = Release;
		};
/* End XCBuildConfiguration section */

/* Begin XCConfigurationList section */
		2126AC5C2262D8EC005E8534 /* Build configuration list for PBXProject "CameraProcessing" */ = {
			isa = XCConfigurationList;
			buildConfigurations = (
				2126AC712262D8EE005E8534 /* Debug */,
				2126AC722262D8EE005E8534 /* Release */,
			);
			defaultConfigurationIsVisible = 0;
			defaultConfigurationName = Release;
		};
		2126AC732262D8EE005E8534 /* Build configuration list for PBXNativeTarget "CameraProcessing" */ = {
			isa = XCConfigurationList;
			buildConfigurations = (
				2126AC742262D8EE005E8534 /* Debug */,
				2126AC752262D8EE005E8534 /* Release */,
			);
			defaultConfigurationIsVisible = 0;
			defaultConfigurationName = Release;
		};
/* End XCConfigurationList section */
	};
	rootObject = 2126AC592262D8EC005E8534 /* Project object */;
}
